{
  "projects": [
    {
      "projectId": "caTPwKxj5ZrD9LQ7DMdK4Z",
      "version": "3.21.0",
      "dependencies": {},
      "lang": "ts",
      "fileLocks": [
        {
          "assetId": "caTPwKxj5ZrD9LQ7DMdK4Z",
          "type": "projectCss",
          "checksum": "e1ec850476829c38b0f9b6d4f7ac446a"
        }
      ],
      "codegenVersion": "0.0.1"
    },
    {
      "projectId": "GTgVzsUHzMuCMexkxJk8C",
      "version": "1.19.0",
      "dependencies": {},
      "lang": "ts",
      "fileLocks": [
        {
          "assetId": "GTgVzsUHzMuCMexkxJk8C",
          "type": "projectCss",
          "checksum": "512ff26de67a0d5e4509540dfa8f5a2e"
        },
        {
          "assetId": "GTgVzsUHzMuCMexkxJk8C",
          "checksum": "d4b166de9e30af91e78430d22c9c6acd",
          "type": "globalContexts"
        }
      ],
      "codegenVersion": "0.0.1"
    },
    {
      "projectId": "r3ASNrnyvLLLAtDvzUioQ",
      "version": "3.18.0",
      "dependencies": {},
      "lang": "ts",
      "fileLocks": [
        {
          "assetId": "r3ASNrnyvLLLAtDvzUioQ",
          "type": "projectCss",
          "checksum": "97ec772be5160e37b26814fd84fdccb9"
        }
      ],
      "codegenVersion": "0.0.1"
    },
    {
      "projectId": "28Ba3BDvRe7EiWdfFNnLB6",
      "version": "2.26.0",
      "dependencies": {},
      "lang": "ts",
      "fileLocks": [
        {
          "assetId": "28Ba3BDvRe7EiWdfFNnLB6",
          "type": "projectCss",
          "checksum": "e1ec850476829c38b0f9b6d4f7ac446a"
        }
      ],
      "codegenVersion": "0.0.1"
    },
    {
      "projectId": "YUiM7yqBWAqsh8KSnrdj7",
      "version": "0.21.0",
      "dependencies": {},
      "lang": "ts",
      "fileLocks": [
        {
          "assetId": "YUiM7yqBWAqsh8KSnrdj7",
          "type": "projectCss",
          "checksum": "dac72600b04b6e6a3014e82512a15fe1"
        }
      ],
      "codegenVersion": "0.0.1"
    },
    {
      "projectId": "ohDidvG9XsCeFumugENU3J",
      "version": "4.10.0",
      "dependencies": {},
      "lang": "ts",
      "fileLocks": [
        {
          "assetId": "ohDidvG9XsCeFumugENU3J",
          "type": "projectCss",
          "checksum": "fd83b730367fdbde2c69bc6cf31c2a3c"
        },
        {
          "assetId": "ohDidvG9XsCeFumugENU3J",
          "checksum": "8f45a75070e2f0edc34a4dc3d5f6b736",
          "type": "globalContexts"
        }
      ],
      "codegenVersion": "0.0.1"
    },
    {
      "projectId": "kmmGrmCVRJPgZ5NNJMDQ4v",
      "version": "0.18.0",
      "dependencies": {},
      "lang": "ts",
      "fileLocks": [
        {
          "assetId": "kmmGrmCVRJPgZ5NNJMDQ4v",
          "type": "projectCss",
          "checksum": "dd353f09fbdedf2e1c1db4ee86664b82"
        },
        {
          "assetId": "kmmGrmCVRJPgZ5NNJMDQ4v",
          "checksum": "6f481a4d31f5b4ae5e42a82231055e5d",
          "type": "globalContexts"
        }
      ],
      "codegenVersion": "0.0.1"
    },
    {
      "projectId": "8wYegXbGoCMkdE9E8Fa7UT",
      "version": "latest",
      "dependencies": {
        "kmmGrmCVRJPgZ5NNJMDQ4v": "0.18.0",
        "ohDidvG9XsCeFumugENU3J": "4.10.0",
        "YUiM7yqBWAqsh8KSnrdj7": "0.21.0",
        "28Ba3BDvRe7EiWdfFNnLB6": "2.26.0",
        "r3ASNrnyvLLLAtDvzUioQ": "3.18.0",
        "GTgVzsUHzMuCMexkxJk8C": "1.19.0",
        "caTPwKxj5ZrD9LQ7DMdK4Z": "3.21.0"
      },
      "lang": "ts",
      "fileLocks": [
        {
          "type": "globalVariant",
          "assetId": "xz8Xf4c_C9jH",
          "checksum": "d743085baeb64557bdac48b889c81353"
        },
        {
          "assetId": "8wYegXbGoCMkdE9E8Fa7UT",
          "type": "projectCss",
          "checksum": "97d76afb245edccfe9b7fda8028c911f"
        },
        {
          "assetId": "8wYegXbGoCMkdE9E8Fa7UT",
          "checksum": "5551e1bb762f81091bb108e9d3268eb6",
          "type": "globalContexts"
        },
        {
          "type": "renderModule",
          "assetId": "ooB9ttiK351",
          "checksum": "eb0c2fa9ad720c83aae47109a3f27929"
        },
        {
          "type": "cssRules",
          "assetId": "ooB9ttiK351",
          "checksum": "eb0c2fa9ad720c83aae47109a3f27929"
        },
        {
          "type": "renderModule",
          "assetId": "EDiepQRqOKW",
          "checksum": "ec1b66e00f1fedea05bc7958651790f0"
        },
        {
          "type": "cssRules",
          "assetId": "EDiepQRqOKW",
          "checksum": "ec1b66e00f1fedea05bc7958651790f0"
        },
        {
          "type": "renderModule",
          "assetId": "mJUZtuXVhVM",
          "checksum": "98a69a6c435856e3395a5ae5a0eb35fb"
        },
        {
          "type": "cssRules",
          "assetId": "mJUZtuXVhVM",
          "checksum": "98a69a6c435856e3395a5ae5a0eb35fb"
        },
        {
          "type": "renderModule",
          "assetId": "hrS2Yp_Cf8oS",
          "checksum": "8d0099e1781d9b1ef17bf477710276dc"
        },
        {
          "type": "cssRules",
          "assetId": "hrS2Yp_Cf8oS",
          "checksum": "8d0099e1781d9b1ef17bf477710276dc"
        },
        {
          "type": "renderModule",
          "assetId": "cU51L9mMWGnN",
          "checksum": "1b0f8d1682b418e36bc42783faf30cbb"
        },
        {
          "type": "cssRules",
          "assetId": "cU51L9mMWGnN",
          "checksum": "1b0f8d1682b418e36bc42783faf30cbb"
        },
        {
          "type": "renderModule",
          "assetId": "IcR7not-x4HO",
          "checksum": "d4433b65d09fe276d06f917ec5d4bec1"
        },
        {
          "type": "cssRules",
          "assetId": "IcR7not-x4HO",
          "checksum": "d4433b65d09fe276d06f917ec5d4bec1"
        },
        {
          "type": "renderModule",
          "assetId": "fj4ecUAqC48L",
          "checksum": "7f213ae1bec562f6ea7f6cdfd90d0e64"
        },
        {
          "type": "cssRules",
          "assetId": "fj4ecUAqC48L",
          "checksum": "7f213ae1bec562f6ea7f6cdfd90d0e64"
        },
        {
          "type": "renderModule",
          "assetId": "i3MMiHkGbakR",
          "checksum": "e1954030732bd968e60c2c9ddb7d2d4f"
        },
        {
          "type": "cssRules",
          "assetId": "i3MMiHkGbakR",
          "checksum": "e1954030732bd968e60c2c9ddb7d2d4f"
        },
        {
          "type": "renderModule",
          "assetId": "Cd1oCrppKHfi",
          "checksum": "a4c77171aada804cd89134f161a11688"
        },
        {
          "type": "cssRules",
          "assetId": "Cd1oCrppKHfi",
          "checksum": "a4c77171aada804cd89134f161a11688"
        },
        {
          "type": "renderModule",
          "assetId": "WJqn3SPMK9Qy",
          "checksum": "61e149e0b97f21d626ea495658f3d726"
        },
        {
          "type": "cssRules",
          "assetId": "WJqn3SPMK9Qy",
          "checksum": "61e149e0b97f21d626ea495658f3d726"
        },
        {
          "type": "renderModule",
          "assetId": "e2KvIfjspOt8",
          "checksum": "0cef72bf1835d37e3d5393b517002a37"
        },
        {
          "type": "cssRules",
          "assetId": "e2KvIfjspOt8",
          "checksum": "0cef72bf1835d37e3d5393b517002a37"
        },
        {
          "type": "renderModule",
          "assetId": "H6-d8Aj-Ormm",
          "checksum": "8dbc6f9d0d16550326b1727d96a7fc9e"
        },
        {
          "type": "cssRules",
          "assetId": "H6-d8Aj-Ormm",
          "checksum": "8dbc6f9d0d16550326b1727d96a7fc9e"
        },
        {
          "type": "renderModule",
          "assetId": "0v3474AfNCdQ",
          "checksum": "5db5eddb3febc11228fbff352708e463"
        },
        {
          "type": "cssRules",
          "assetId": "0v3474AfNCdQ",
          "checksum": "5db5eddb3febc11228fbff352708e463"
        },
        {
          "type": "renderModule",
          "assetId": "H127KnkFXm0r",
          "checksum": "4d2ce79ab0387aa2f19ad9b6fe3e77bd"
        },
        {
          "type": "cssRules",
          "assetId": "H127KnkFXm0r",
          "checksum": "4d2ce79ab0387aa2f19ad9b6fe3e77bd"
        },
        {
          "type": "renderModule",
          "assetId": "bvlZ27CrB8OP",
          "checksum": "57fbdd4f2c3db55f56c974508f9f59ed"
        },
        {
          "type": "cssRules",
          "assetId": "bvlZ27CrB8OP",
          "checksum": "57fbdd4f2c3db55f56c974508f9f59ed"
        },
        {
          "type": "renderModule",
          "assetId": "RRqedl4q13uJ",
          "checksum": "8a62b7113d8573449bd807110aaed0cd"
        },
        {
          "type": "cssRules",
          "assetId": "RRqedl4q13uJ",
          "checksum": "8a62b7113d8573449bd807110aaed0cd"
        },
        {
          "type": "renderModule",
          "assetId": "3KTOZP_lLDfV",
          "checksum": "ac7512554be01c2fae8358897aa73c51"
        },
        {
          "type": "cssRules",
          "assetId": "3KTOZP_lLDfV",
          "checksum": "ac7512554be01c2fae8358897aa73c51"
        },
        {
          "type": "renderModule",
          "assetId": "YszHABjol0-p",
          "checksum": "bf7724a3efc27bebce06a03425b2bef7"
        },
        {
          "type": "cssRules",
          "assetId": "YszHABjol0-p",
          "checksum": "bf7724a3efc27bebce06a03425b2bef7"
        },
        {
          "type": "renderModule",
          "assetId": "1FeCvEg_AYKY",
          "checksum": "135da5e8a38720c118844271828b54f0"
        },
        {
          "type": "cssRules",
          "assetId": "1FeCvEg_AYKY",
          "checksum": "135da5e8a38720c118844271828b54f0"
        },
        {
          "type": "renderModule",
          "assetId": "0SWq9PCg3Z30",
          "checksum": "952511d1787ee3e7f35c1c6914795796"
        },
        {
          "type": "cssRules",
          "assetId": "0SWq9PCg3Z30",
          "checksum": "952511d1787ee3e7f35c1c6914795796"
        },
        {
          "type": "renderModule",
          "assetId": "UH_OJS3VRY1S",
          "checksum": "f0a24c60d11ee03aadada439d054b0ca"
        },
        {
          "type": "cssRules",
          "assetId": "UH_OJS3VRY1S",
          "checksum": "f0a24c60d11ee03aadada439d054b0ca"
        },
        {
          "type": "renderModule",
          "assetId": "DMYYEkUfpXKF",
          "checksum": "aa3a69ca397f150cb0ef330dafa4ffdc"
        },
        {
          "type": "cssRules",
          "assetId": "DMYYEkUfpXKF",
          "checksum": "aa3a69ca397f150cb0ef330dafa4ffdc"
        },
        {
          "type": "icon",
          "assetId": "YZP2bkqbIK9m",
          "checksum": "e776b0a7adfea3b8f42230ddf04058d7"
        },
        {
          "type": "icon",
          "assetId": "PcxS1M74DaAE",
          "checksum": "71f9686d1b691403b394dae5a50afe19"
        },
        {
          "type": "icon",
          "assetId": "Cq9B2xiEC7Ec",
          "checksum": "a8db4552636ddb7721a4e3217e267c93"
        },
        {
          "type": "icon",
          "assetId": "BZE6sIq4hFJt",
          "checksum": "1fffffd59fa4d126048c9bbb4da5bd85"
        },
        {
          "type": "icon",
          "assetId": "FQ1LSLsx1OT7",
          "checksum": "113a52e4bfa631f1eb17bde1825e5dbd"
        },
        {
          "type": "icon",
          "assetId": "pzbvJhnvLIyh",
          "checksum": "12985d6132085e318cb783d3edab5030"
        },
        {
          "type": "icon",
          "assetId": "1bXeucmq9YFY",
          "checksum": "774652a6284bc95036bc92ed191f5907"
        },
        {
          "type": "icon",
          "assetId": "ozoqPff96Tk5",
          "checksum": "c8bca89dd2f27f820568c96cc5beb382"
        },
        {
          "type": "icon",
          "assetId": "6yS4KgYZc5Eu",
          "checksum": "6854e12076337cb3e73597f40e9c2f86"
        },
        {
          "type": "icon",
          "assetId": "UyeoLwV2I9QB",
          "checksum": "6686131fc95088d4ab95781ed1454c59"
        },
        {
          "type": "icon",
          "assetId": "5Gxpb988ifar",
          "checksum": "3ac110b056234e4c6efd1f3267d2ead1"
        },
        {
          "type": "image",
          "assetId": "kJLmYyp8YWmn",
          "checksum": "6dac23ca7d5b789c834a8c5c84efa054"
        },
        {
          "type": "image",
          "assetId": "RiLhbx8GK-XT",
          "checksum": "251f55566dddd4f845fcb2580e9ccd9a"
        },
        {
          "type": "image",
          "assetId": "g9jdvBg2QG9Q",
          "checksum": "b8962f7a39d98038b945e76224befdac"
        },
        {
          "type": "image",
          "assetId": "gyF-QTZYyudx",
          "checksum": "8a51cb7cef77fb97294f2d6ba152e5f7"
        },
        {
          "type": "image",
          "assetId": "xD74zMjF0fnG",
          "checksum": "a0e33b985729cf7d2603085e0e11ed5d"
        },
        {
          "type": "image",
          "assetId": "YZ9YAwxkk13E",
          "checksum": "10d4e76ba7c95f4cab5f77a3eb43b936"
        },
        {
          "type": "image",
          "assetId": "piGASW90c6JV",
          "checksum": "8906062844183979a6cf224d126af182"
        },
        {
          "type": "image",
          "assetId": "DEVB-TtI-cZ_",
          "checksum": "0f01192c39a2664c9e137fe1c1827548"
        },
        {
          "type": "image",
          "assetId": "YHnI6HpylOKA",
          "checksum": "944172bba40cf7fd0d5dfce2eadbb2bc"
        },
        {
          "type": "image",
          "assetId": "nj-cfQZkpsIt",
          "checksum": "6cbc6fb283726588bd3752cde1e73408"
        },
        {
          "type": "image",
          "assetId": "VvmOBYezJP8g",
          "checksum": "05efcff23d5d73d8d744c18ccfdb8d8f"
        },
        {
          "type": "image",
          "assetId": "AN3Mll-p-I5e",
          "checksum": "411e1adaf7fc5b71b4105bcba5e015aa"
        },
        {
          "type": "image",
          "assetId": "jxONa17dXx4W",
          "checksum": "e8913f57169f57d23c8598b7a58226fe"
        },
        {
          "type": "image",
          "assetId": "y5tl_qq7YnHQ",
          "checksum": "5ea83aa9761b2ba3d7319cae7c3998ad"
        },
        {
          "type": "image",
          "assetId": "9serY87z4utZ",
          "checksum": "da1207cf6291c0a1c93e6d504177ae64"
        },
        {
          "type": "image",
          "assetId": "Lc8NgBYRdm2Y",
          "checksum": "67f08465e24bec12ab61cd09dab516ba"
        },
        {
          "type": "image",
          "assetId": "jhAbo06vXpIQ",
          "checksum": "60e0ce9eb3aa36a964a51e5ca54402d8"
        },
        {
          "type": "image",
          "assetId": "cMfxUgrw9VTW",
          "checksum": "1e1891e82f60b8a114226eda23f331f8"
        },
        {
          "type": "image",
          "assetId": "my5ZpphAfNzy",
          "checksum": "a71047337959ffeb6eda571585f6a3f1"
        },
        {
          "type": "image",
          "assetId": "QFEW4UKmbaeP",
          "checksum": "d213904af0694384dcfd82204b1ddbae"
        },
        {
          "type": "image",
          "assetId": "j1W3zf119T1S",
          "checksum": "e03da52cb48277b7899687e89bc9e043"
        },
        {
          "type": "image",
          "assetId": "wQ4XMWaxQVhc",
          "checksum": "9983891fbd5ada48f61eaa27cdf13255"
        },
        {
          "type": "image",
          "assetId": "s_brG-fHrF01",
          "checksum": "69b2caffa8d64102b0e5890252b0e0e8"
        },
        {
          "type": "image",
          "assetId": "NE4DxmxcEfTN",
          "checksum": "cc2cbdedeeef771ea20c3e76b7e954fa"
        },
        {
          "type": "image",
          "assetId": "R3phzNiLngeV",
          "checksum": "81455fda302e3792e636dab5136c9129"
        },
        {
          "type": "image",
          "assetId": "c0RWCEPWXTXO",
          "checksum": "ef9ffa2c41b0f34d92376f6849a216dc"
        },
        {
          "type": "image",
          "assetId": "mM6_cNcRVlak",
          "checksum": "ca2f4b125cc0cd61d07fb5e5c29a82ba"
        },
        {
          "type": "image",
          "assetId": "d5NBlMrYaheO",
          "checksum": "00973586aa469dc4e8bdfaccb4eecaa7"
        },
        {
          "type": "image",
          "assetId": "6t8s-BV-ehcw",
          "checksum": "1f5593c25f5e527a1cf45a45e6fc1160"
        },
        {
          "type": "image",
          "assetId": "33UKvVQkenC5",
          "checksum": "76bcb90be0cd34d4d8aa9a135dc3e5c1"
        },
        {
          "type": "image",
          "assetId": "NBhyvdGnxULN",
          "checksum": "be558401f9d96c5e77b86436e6f8a63f"
        },
        {
          "type": "image",
          "assetId": "QcRcsGIrOEDX",
          "checksum": "0295f8362501bfdf5560e43362e248b5"
        },
        {
          "type": "image",
          "assetId": "jomYZdnIBVFs",
          "checksum": "ddc1ffee2e88c06881d45138bc4aa437"
        },
        {
          "type": "image",
          "assetId": "fI3yO4k_8F39",
          "checksum": "9595ebe076c911fb1505f9ee326c1e61"
        },
        {
          "type": "image",
          "assetId": "dCemwr1J0BHs",
          "checksum": "e2f613e4ca53971d4c5870b68647853c"
        },
        {
          "type": "image",
          "assetId": "__6YrDcijBTA",
          "checksum": "4ad4f03c4ffb59219a83ad83b911700d"
        },
        {
          "type": "image",
          "assetId": "eaMuLPAD_Vtu",
          "checksum": "f1370fb976656ecc95850cf8edbfe65f"
        },
        {
          "type": "image",
          "assetId": "vjYQVhoq6V3D",
          "checksum": "3c11c6ee27ba2d64e2da3e63fc25bf2a"
        },
        {
          "type": "image",
          "assetId": "Mt7C5PaNzL67",
          "checksum": "68b6d4ac7e78c1f6dc5404cfaf9575ea"
        },
        {
          "type": "image",
          "assetId": "pojPKNT4tCV6",
          "checksum": "7af86fd067fe42ae8b244ed418be41c6"
        },
        {
          "type": "image",
          "assetId": "XL-0N76VA465",
          "checksum": "aa5b8eb913665df922ce86d5605a8d35"
        },
        {
          "type": "image",
          "assetId": "30kTQZ_asMIS",
          "checksum": "7ca95c811090d9421213a695c13c4784"
        },
        {
          "type": "image",
          "assetId": "6MwqMxt-ZJPz",
          "checksum": "4c4aacaeb04c501a079912147417f696"
        },
        {
          "type": "image",
          "assetId": "OUqUjdY_pI1J",
          "checksum": "743ad9e6a4714b4e4517d27289dc2086"
        },
        {
          "type": "image",
          "assetId": "WuhX3NKMoZYt",
          "checksum": "057f157a5e0746113b57848809e076c3"
        },
        {
          "type": "image",
          "assetId": "eN7UCGgjGOFp",
          "checksum": "1d260b41d56070ba07304dfe8f97806b"
        },
        {
          "type": "image",
          "assetId": "q5jDrzb6em1q",
          "checksum": "a788462e4a0c58c2faddff5c7e12bc97"
        },
        {
          "type": "image",
          "assetId": "nKuB_vAvoKhF",
          "checksum": "2661961c3a169428a48d9fca20cc3191"
        },
        {
          "type": "image",
          "assetId": "VTpO26K3t45x",
          "checksum": "6fa0450d2c7643286855abf4da6c1077"
        },
        {
          "type": "image",
          "assetId": "Vu2aOolJGuSt",
          "checksum": "66f502a4f172be1e1c85665647da7509"
        },
        {
          "type": "image",
          "assetId": "q4ZDfQIJgIGg",
          "checksum": "077a5dc602e8dd8b076eaba027aa8b63"
        },
        {
          "type": "image",
          "assetId": "UAfWhOwDlsZk",
          "checksum": "3a9cc6685747dba887bb7e69602532e4"
        },
        {
          "type": "image",
          "assetId": "MF74yKoy53Wx",
          "checksum": "7c71b32023bd6c9659716a81ef155000"
        },
        {
          "type": "image",
          "assetId": "BZ4C48vgKt-3",
          "checksum": "2d767b7491ea0a76fbe1f531186b0648"
        },
        {
          "type": "image",
          "assetId": "LHizjSlx4zG9",
          "checksum": "a6ea70cf65f1b1889ebeaf0752d4fec8"
        },
        {
          "type": "image",
          "assetId": "Z1DdHHNgg93t",
          "checksum": "bb74331f9e8e9d6fbbe42309f58fb842"
        },
        {
          "type": "image",
          "assetId": "TLk1iv4Uf12Z",
          "checksum": "e3566cb15055d79392daff55543f2e2c"
        },
        {
          "type": "image",
          "assetId": "vBXaL_-wjGzV",
          "checksum": "999fbd5293219b86bc64593029c0a379"
        },
        {
          "type": "image",
          "assetId": "KOvrc5ynBjqv",
          "checksum": "083f295db3ec180dbfeb5a46ac213932"
        },
        {
          "type": "image",
          "assetId": "h_-jlytk3591",
          "checksum": "8e4ef721b6cba26faff2349d0bd869a1"
        },
        {
          "type": "image",
          "assetId": "avvv-AAzXhos",
          "checksum": "7e55b5c0236890ed8a63b7007a4b54e7"
        },
        {
          "type": "image",
          "assetId": "WEkbVJoXcbW-",
          "checksum": "b1a451cb928765eaf6bb631154762466"
        },
        {
          "type": "image",
          "assetId": "9_fVDigEBggj",
          "checksum": "6eeb098517dd17bc60c549425883e919"
        },
        {
          "type": "image",
          "assetId": "XX78fjcvV7OG",
          "checksum": "60e3becf2d7e2ff187d2d5aff6d97e49"
        },
        {
          "type": "image",
          "assetId": "8DYeATycFiVQ",
          "checksum": "733cd4cf00e3bfa02ffc3dd4367d86c2"
        },
        {
          "type": "image",
          "assetId": "-hw4a7e8gd0x",
          "checksum": "746d2a71f1fb329025b7aaeee9e79c31"
        },
        {
          "type": "image",
          "assetId": "suJxOBFdzikW",
          "checksum": "7a7d5b223361826aa1d014cef5f67d91"
        },
        {
          "type": "image",
          "assetId": "Bi9x2z1TmjvY",
          "checksum": "2416256fe51e9189c25c7d5eb5e5370f"
        },
        {
          "type": "image",
          "assetId": "neszf8a5yvjZ",
          "checksum": "42a5bf04ccfcacb706328f00fab1445e"
        },
        {
          "type": "image",
          "assetId": "4miAVfvvlFJ6",
          "checksum": "ec25486ceafb0b847b150a54c62d865a"
        },
        {
          "type": "image",
          "assetId": "6YLmzPVUtYRR",
          "checksum": "32f24635319b1d109ffe03fbd5fb46c5"
        },
        {
          "type": "image",
          "assetId": "OciNWM8RlGIn",
          "checksum": "e036be86ffed1549c982b98cee602756"
        },
        {
          "type": "image",
          "assetId": "9UEIQY5TfT_0",
          "checksum": "2b4079f4159ddcd9f80b3ffa75d0437d"
        },
        {
          "type": "image",
          "assetId": "yytT8Ba-VRfZ",
          "checksum": "1c54aef812ba44d6380d74506db21105"
        },
        {
          "type": "image",
          "assetId": "oFxsm10FjNk3",
          "checksum": "4065115c13d129bff92fae84c1e811c9"
        },
        {
          "type": "image",
          "assetId": "ZHKVyg5O6CsF",
          "checksum": "f3de81b1e7c12806629f99ee48dfc287"
        },
        {
          "type": "image",
          "assetId": "ZEwRR2BJTbol",
          "checksum": "dfc0f6399263ffacf29bf1abeac01d44"
        },
        {
          "type": "image",
          "assetId": "7Xq7MWTWphpQ",
          "checksum": "1eeee4160f2e3041c3c5a2b6d0c14925"
        },
        {
          "type": "image",
          "assetId": "AJJDm1N5qubQ",
          "checksum": "c531521c8892e91dfcb3bd2a2df7da36"
        },
        {
          "type": "image",
          "assetId": "Vy6OKzf0IiD7",
          "checksum": "8f22cdbf663c653a5a3766b543bcb4f1"
        },
        {
          "type": "image",
          "assetId": "dXeqwfgc7g4q",
          "checksum": "c3092d1e9e140a69b00678c2d9da367a"
        },
        {
          "type": "image",
          "assetId": "74PbZ2fzzHSg",
          "checksum": "90098864c5f006dd38e13514e1d24c12"
        },
        {
          "type": "image",
          "assetId": "m6cxh1elgZ7b",
          "checksum": "820c0cf0837c76a0f114ecb29bd5cb38"
        },
        {
          "type": "image",
          "assetId": "Fi-tzyBKBHHT",
          "checksum": "0a7f80c693e2759497f562832164a969"
        },
        {
          "type": "image",
          "assetId": "02zQKbcD34y3",
          "checksum": "7f40b21dd4a19f706e538ed5759c0307"
        },
        {
          "type": "image",
          "assetId": "I_jRcJxfaCCx",
          "checksum": "493efb3693ca82491248d5e4f4fb92c2"
        },
        {
          "type": "image",
          "assetId": "o0XtJ_m42pUv",
          "checksum": "2501273e27296ba54fb300abe5231081"
        },
        {
          "type": "image",
          "assetId": "_bcrUSz_UWHt",
          "checksum": "f47f61f44e4634fc4e1050ba8d30f336"
        },
        {
          "type": "image",
          "assetId": "JHJaf6qPYqoJ",
          "checksum": "3155b4bf9b75775f75d5fb5299147fcb"
        },
        {
          "type": "image",
          "assetId": "eaX67HF3Roc0",
          "checksum": "acd5f88a5e4a44cdfcc5fdb156a1d613"
        },
        {
          "type": "image",
          "assetId": "ylQvYTloNzyK",
          "checksum": "031c55f82718e5e1c303e0f9ea0d8e58"
        },
        {
          "type": "image",
          "assetId": "XilihYxKi1f3",
          "checksum": "955b5c5e0af6bbd96bda27fbe0eee923"
        },
        {
          "type": "image",
          "assetId": "EvHf3MBiLWxm",
          "checksum": "592fcaf849df1cef68344872e0690fb2"
        },
        {
          "type": "image",
          "assetId": "V4SWvGh16vy_",
          "checksum": "067df1d04e8a1a1bb35ed44f0a483d79"
        },
        {
          "type": "image",
          "assetId": "uyIqcGivpie4",
          "checksum": "1e264e326e0dbb3b1d64e786cf741e55"
        },
        {
          "type": "image",
          "assetId": "qr73Z_rKi5Nl",
          "checksum": "8dfc1c6ce521e2a3361a9443d8bb7189"
        }
      ],
      "codegenVersion": "0.0.1"
    }
  ],
  "cliVersion": "0.1.302"
}
